
Microsoft Visual Studio Solution File, Format Version 12.00
# Visual Studio 15
VisualStudioVersion = 15.0.28307.489
MinimumVisualStudioVersion = 10.0.40219.1
Project("{8BC9CEB8-8B4A-11D0-8D11-00A0C91BC942}") = "SFML-app", "SFML-app\SFML-app.vcxproj", "{FA9360B2-CAFB-45FD-A4CB-00E64FAA49F8}"
EndProject
Global
	GlobalSection(SolutionConfigurationPlatforms) = preSolution
		Debug|x64 = Debug|x64
		Debug|x86 = Debug|x86
		Release|x64 = Release|x64
		Release|x86 = Release|x86
	EndGlobalSection
	GlobalSection(ProjectConfigurationPlatforms) = postSolution
		{FA9360B2-CAFB-45FD-A4CB-00E64FAA49F8}.Debug|x64.ActiveCfg = Debug|x64
		{FA9360B2-CAFB-45FD-A4CB-00E64FAA49F8}.Debug|x64.Build.0 = Debug|x64
		{FA9360B2-CAFB-45FD-A4CB-00E64FAA49F8}.Debug|x86.ActiveCfg = Debug|Win32
		{FA9360B2-CAFB-45FD-A4CB-00E64FAA49F8}.Debug|x86.Build.0 = Debug|Win32
		{FA9360B2-CAFB-45FD-A4CB-00E64FAA49F8}.Release|x64.ActiveCfg = Release|x64
		{FA9360B2-CAFB-45FD-A4CB-00E64FAA49F8}.Release|x64.Build.0 = Release|x64
		{FA9360B2-CAFB-45FD-A4CB-00E64FAA49F8}.Release|x86.ActiveCfg = Release|Win32
		{FA9360B2-CAFB-45FD-A4CB-00E64FAA49F8}.Release|x86.Build.0 = Release|Win32
	EndGlobalSection
	GlobalSection(SolutionProperties) = preSolution
		HideSolutionNode = FALSE
	EndGlobalSection
	GlobalSection(ExtensibilityGlobals) = postSolution
		SolutionGuid = {5D7CE4CC-7968-4F54-A74F-848843040D95}
	EndGlobalSection
EndGlobal
